
Microsoft Visual Studio Solution File, Format Version 12.00
# Visual Studio Version 17
VisualStudioVersion = 17.1.32228.430
MinimumVisualStudioVersion = 10.0.40219.1
Project("{FAE04EC0-301F-11D3-BF4B-00C04F79EFBC}") = "AutodeskADN.Ifc2Rvt", "AutodeskADN.Ifc2Rvt\AutodeskADN.Ifc2Rvt.csproj", "{46CD3C09-EC22-4065-A005-AF47534E1815}"
EndProject
Global
	GlobalSection(SolutionConfigurationPlatforms) = preSolution
		Debug|Any CPU = Debug|Any CPU
		Release|Any CPU = Release|Any CPU
	EndGlobalSection
	GlobalSection(ProjectConfigurationPlatforms) = postSolution
		{46CD3C09-EC22-4065-A005-AF47534E1815}.Debug|Any CPU.ActiveCfg = Debug|Any CPU
		{46CD3C09-EC22-4065-A005-AF47534E1815}.Debug|Any CPU.Build.0 = Debug|Any CPU
		{46CD3C09-EC22-4065-A005-AF47534E1815}.Release|Any CPU.ActiveCfg = Release|Any CPU
		{46CD3C09-EC22-4065-A005-AF47534E1815}.Release|Any CPU.Build.0 = Release|Any CPU
	EndGlobalSection
	GlobalSection(SolutionProperties) = preSolution
		HideSolutionNode = FALSE
	EndGlobalSection
	GlobalSection(ExtensibilityGlobals) = postSolution
		SolutionGuid = {6A1F094B-FE92-4E82-ADE9-24B91C7BDD93}
	EndGlobalSection
EndGlobal
